
Microsoft Visual Studio Solution File, Format Version 12.00
# Visual Studio 15
VisualStudioVersion = 15.0.28010.2003
MinimumVisualStudioVersion = 10.0.40219.1
Project("{FAE04EC0-301F-11D3-BF4B-00C04F79EFBC}") = "MvcMovie", "MvcMovie\MvcMovie.csproj", "{20F593A2-2315-46D5-A23F-5F6F88B9C153}"
EndProject
Global
	GlobalSection(SolutionConfigurationPlatforms) = preSolution
		Debug|Any CPU = Debug|Any CPU
		Release|Any CPU = Release|Any CPU
	EndGlobalSection
	GlobalSection(ProjectConfigurationPlatforms) = postSolution
		{20F593A2-2315-46D5-A23F-5F6F88B9C153}.Debug|Any CPU.ActiveCfg = Debug|Any CPU
		{20F593A2-2315-46D5-A23F-5F6F88B9C153}.Debug|Any CPU.Build.0 = Debug|Any CPU
		{20F593A2-2315-46D5-A23F-5F6F88B9C153}.Release|Any CPU.ActiveCfg = Release|Any CPU
		{20F593A2-2315-46D5-A23F-5F6F88B9C153}.Release|Any CPU.Build.0 = Release|Any CPU
	EndGlobalSection
	GlobalSection(SolutionProperties) = preSolution
		HideSolutionNode = FALSE
	EndGlobalSection
	GlobalSection(ExtensibilityGlobals) = postSolution
		SolutionGuid = {6F3896AA-DE90-4A56-AB82-16B7D0BAC1F2}
	EndGlobalSection
EndGlobal
